
Microsoft Visual Studio Solution File, Format Version 12.00
# Visual Studio 15
VisualStudioVersion = 15.0.27703.2035
MinimumVisualStudioVersion = 10.0.40219.1
Project("{FAE04EC0-301F-11D3-BF4B-00C04F79EFBC}") = "KlirTest", "KlirTest\KlirTest.csproj", "{657878A9-F3C3-4DE9-99D6-82FD7CDA8CE8}"
EndProject
Project("{FAE04EC0-301F-11D3-BF4B-00C04F79EFBC}") = "Klir.API", "Klir.API\Klir.API.csproj", "{827AEA43-8626-4997-896E-6503F0B434B5}"
EndProject
Global
	GlobalSection(SolutionConfigurationPlatforms) = preSolution
		Debug|Any CPU = Debug|Any CPU
		Release|Any CPU = Release|Any CPU
	EndGlobalSection
	GlobalSection(ProjectConfigurationPlatforms) = postSolution
		{657878A9-F3C3-4DE9-99D6-82FD7CDA8CE8}.Debug|Any CPU.ActiveCfg = Debug|Any CPU
		{657878A9-F3C3-4DE9-99D6-82FD7CDA8CE8}.Debug|Any CPU.Build.0 = Debug|Any CPU
		{657878A9-F3C3-4DE9-99D6-82FD7CDA8CE8}.Release|Any CPU.ActiveCfg = Release|Any CPU
		{657878A9-F3C3-4DE9-99D6-82FD7CDA8CE8}.Release|Any CPU.Build.0 = Release|Any CPU
		{827AEA43-8626-4997-896E-6503F0B434B5}.Debug|Any CPU.ActiveCfg = Debug|Any CPU
		{827AEA43-8626-4997-896E-6503F0B434B5}.Debug|Any CPU.Build.0 = Debug|Any CPU
		{827AEA43-8626-4997-896E-6503F0B434B5}.Release|Any CPU.ActiveCfg = Release|Any CPU
		{827AEA43-8626-4997-896E-6503F0B434B5}.Release|Any CPU.Build.0 = Release|Any CPU
	EndGlobalSection
	GlobalSection(SolutionProperties) = preSolution
		HideSolutionNode = FALSE
	EndGlobalSection
	GlobalSection(ExtensibilityGlobals) = postSolution
		SolutionGuid = {882B9C62-E9C0-4814-BC43-D46A3B09C241}
	EndGlobalSection
EndGlobal
